
Microsoft Visual Studio Solution File, Format Version 12.00
# Visual Studio Version 16
VisualStudioVersion = 16.0.31321.278
MinimumVisualStudioVersion = 10.0.40219.1
Project("{FAE04EC0-301F-11D3-BF4B-00C04F79EFBC}") = "Domino-Cs-OOP", "Domino-Cs-OOP\Domino-Cs-OOP.csproj", "{FEEE1CD5-A8C4-4B6C-B4C3-8A72DA53B9D6}"
EndProject
Global
	GlobalSection(SolutionConfigurationPlatforms) = preSolution
		Debug|Any CPU = Debug|Any CPU
		Release|Any CPU = Release|Any CPU
	EndGlobalSection
	GlobalSection(ProjectConfigurationPlatforms) = postSolution
		{FEEE1CD5-A8C4-4B6C-B4C3-8A72DA53B9D6}.Debug|Any CPU.ActiveCfg = Debug|Any CPU
		{FEEE1CD5-A8C4-4B6C-B4C3-8A72DA53B9D6}.Debug|Any CPU.Build.0 = Debug|Any CPU
		{FEEE1CD5-A8C4-4B6C-B4C3-8A72DA53B9D6}.Release|Any CPU.ActiveCfg = Release|Any CPU
		{FEEE1CD5-A8C4-4B6C-B4C3-8A72DA53B9D6}.Release|Any CPU.Build.0 = Release|Any CPU
	EndGlobalSection
	GlobalSection(SolutionProperties) = preSolution
		HideSolutionNode = FALSE
	EndGlobalSection
	GlobalSection(ExtensibilityGlobals) = postSolution
		SolutionGuid = {BC5A398A-34E6-4F05-8532-5350C5A1413A}
	EndGlobalSection
EndGlobal
